Microsoft Visual Studio Solution File, Format Version 12.00
# Visual Studio Version 16
VisualStudioVersion = 16.0.29806.167
MinimumVisualStudioVersion = 10.0.40219.1
Project("{9A19103F-16F7-4668-BE54-9A1E7A4F7556}") = "CloudControl.Web", "CloudControl.Web\CloudControl.Web.csproj", "{3CD3249B-116F-443E-A5FF-D7D8ABA0ED56}"
EndProject
Project("{2150E333-8FDC-42A3-9474-1A3956D46DE8}") = "Shared", "Shared", "{94CEAD15-4C0C-407D-84F4-BF21FBFD737C}"
EndProject
Project("{2150E333-8FDC-42A3-9474-1A3956D46DE8}") = "Core", "Core", "{D2E2B97F-F64D-42B1-B5E0-42EE97C53944}"
EndProject
Project("{9A19103F-16F7-4668-BE54-9A1E7A4F7556}") = "Authentication.Infra", "Core\Authentication\Authentication.Infra\Authentication.Infra.csproj", "{FC47436F-5405-4863-9B76-BB1C4DB7341B}"
EndProject
Project("{2150E333-8FDC-42A3-9474-1A3956D46DE8}") = "Authentication", "Authentication", "{617940DE-5945-42BD-BD65-9CF79142234E}"
EndProject
Project("{9A19103F-16F7-4668-BE54-9A1E7A4F7556}") = "Authentication.Domain", "Core\Authentication\Authentication.Domain\Authentication.Domain.csproj", "{D70D97F5-E54C-4FE8-A815-A1ACBB82E30D}"
EndProject
Project("{9A19103F-16F7-4668-BE54-9A1E7A4F7556}") = "Authentication.Web", "Core\Authentication\Authentication.Web\Authentication.Web.csproj", "{7FC25DAF-276C-4B8A-8060-B7BD03F48D26}"
EndProject
Project("{2150E333-8FDC-42A3-9474-1A3956D46DE8}") = "Proxy", "Proxy", "{FB5D1253-3895-41D2-A460-61E2DEEAA44C}"
EndProject
Project("{9A19103F-16F7-4668-BE54-9A1E7A4F7556}") = "Proxy.Infra", "Core\Proxy\Proxy.Infra\Proxy.Infra.csproj", "{6C79B2D0-D418-448C-A9B4-834B1C3E0D96}"
EndProject
Project("{9A19103F-16F7-4668-BE54-9A1E7A4F7556}") = "Proxy.Web", "Core\Proxy\Proxy.Web\Proxy.Web.csproj", "{AC60C079-0A42-428F-BF7E-B463A12413FF}"
EndProject
Project("{2150E333-8FDC-42A3-9474-1A3956D46DE8}") = "Remote", "Remote", "{1CE323C2-E98D-4054-851B-4E6F833441AE}"
EndProject
Project("{9A19103F-16F7-4668-BE54-9A1E7A4F7556}") = "Remote.Infra", "Shared\Remote\Remote.Infra\Remote.Infra.csproj", "{BA254546-0EC7-4A3A-84FD-D20658C00FEC}"
EndProject
Project("{2150E333-8FDC-42A3-9474-1A3956D46DE8}") = "Rights", "Rights", "{71AE2200-9AB3-4975-AFBD-D5869358CDFB}"
EndProject
Project("{9A19103F-16F7-4668-BE54-9A1E7A4F7556}") = "Rights.Infra", "Core\Rights\Rights.Infra\Rights.Infra.csproj", "{AE948DE9-D23E-4D9B-A07D-37061B9B3F27}"
EndProject
Project("{9A19103F-16F7-4668-BE54-9A1E7A4F7556}") = "Rights.Web", "Core\Rights\Rights.Web\Rights.Web.csproj", "{D990195A-2D03-4418-B810-DD2EED9EBF79}"
EndProject
Project("{9A19103F-16F7-4668-BE54-9A1E7A4F7556}") = "Rights.Domain", "Core\Rights\Rights.Domain\Rights.Domain.csproj", "{FB7AAC68-9DF7-480B-B04C-42B493B6FA4C}"
EndProject
Project("{2150E333-8FDC-42A3-9474-1A3956D46DE8}") = "Partenaires", "Partenaires", "{39841DFA-7A67-4F43-BB42-B5B6E7657294}"
EndProject
Project("{9A19103F-16F7-4668-BE54-9A1E7A4F7556}") = "Partenaires.Infra", "Core\Partenaires\Partenaires.Infra\Partenaires.Infra.csproj", "{72F322BD-F129-4B01-8E70-DC54F3D1ECBF}"
EndProject
Project("{2150E333-8FDC-42A3-9474-1A3956D46DE8}") = "Storage", "Storage", "{05C34518-C820-43BC-9BBB-168CB42D8F03}"
EndProject
Project("{9A19103F-16F7-4668-BE54-9A1E7A4F7556}") = "Storage.Infra", "Core\Storage\Storage.Infra\Storage.Infra.csproj", "{BB374E15-A1E9-4EDB-A09B-70813F475FC9}"
EndProject
Project("{9A19103F-16F7-4668-BE54-9A1E7A4F7556}") = "Storage.Web", "Core\Storage\Storage.Web\Storage.Web.csproj", "{8820F056-B423-4C25-9EE8-2EAE5DB95038}"
EndProject
Project("{2150E333-8FDC-42A3-9474-1A3956D46DE8}") = "Distributors", "Distributors", "{66118C4B-C4E5-48E0-8787-54E1D7181ED5}"
EndProject
Project("{9A19103F-16F7-4668-BE54-9A1E7A4F7556}") = "Distributors.Domain", "Shared\Distributors\Distributors.Domain\Distributors.Domain.csproj", "{FE58AA9D-0951-4764-9226-2F84AF086AB7}"
EndProject
Project("{9A19103F-16F7-4668-BE54-9A1E7A4F7556}") = "Distributors.Infra", "Shared\Distributors\Distributors.Infra\Distributors.Infra.csproj", "{600B9E59-DC6F-4B2E-8501-C7DC1785A2F6}"
EndProject
Project("{9A19103F-16F7-4668-BE54-9A1E7A4F7556}") = "Distributors.Web", "Shared\Distributors\Distributors.Web\Distributors.Web.csproj", "{5980A55F-7D14-4680-9DCC-5FBD0582B017}"
EndProject
Project("{9A19103F-16F7-4668-BE54-9A1E7A4F7556}") = "CloudControl.Web.Tests", "CloudControl.Web.Tests\CloudControl.Web.Tests.csproj", "{39BE3AAF-C5AC-4653-A3D2-61DF15CC7D2F}"
EndProject
Project("{2150E333-8FDC-42A3-9474-1A3956D46DE8}") = "Tests", "Tests", "{90D93B9D-512D-4086-87A6-9D15AE8C6D9B}"
EndProject
Project("{9A19103F-16F7-4668-BE54-9A1E7A4F7556}") = "Authentication.Web.Tests", "Core\Authentication\Tests\Authentication.Web.Tests\Authentication.Web.Tests.csproj", "{E9589197-D428-490C-B055-304A7732BA40}"
EndProject
Project("{2150E333-8FDC-42A3-9474-1A3956D46DE8}") = "IpFilter", "IpFilter", "{195CF408-250E-42C0-AEE1-003CF830ED2D}"
EndProject
Project("{9A19103F-16F7-4668-BE54-9A1E7A4F7556}") = "IpFilter.Domain", "Core\IpFilter\IpFilter.Domain\IpFilter.Domain.csproj", "{B519B984-5C8E-4078-9403-C3CF872E1621}"
EndProject
Project("{9A19103F-16F7-4668-BE54-9A1E7A4F7556}") = "IpFilter.Infra", "Core\IpFilter\IpFilter.Infra\IpFilter.Infra.csproj", "{6A64D106-8934-4AA9-B99E-2E5824BB0AFA}"
EndProject
Project("{9A19103F-16F7-4668-BE54-9A1E7A4F7556}") = "IpFilter.Web", "Core\IpFilter\IpFilter.Web\IpFilter.Web.csproj", "{A6D4EA22-F0A9-43E6-854E-8FF5125E7ECF}"
EndProject
Project("{9A19103F-16F7-4668-BE54-9A1E7A4F7556}") = "Proxy.Tests", "Core\Proxy\Proxy.Tests\Proxy.Tests.csproj", "{3FCDAE31-D862-44AE-92E2-51A3A354EDC3}"
EndProject
Project("{2150E333-8FDC-42A3-9474-1A3956D46DE8}") = "Billing", "Billing", "{9DD9DFEE-CEF1-454C-AE72-F378A4486168}"
EndProject
Project("{2150E333-8FDC-42A3-9474-1A3956D46DE8}") = "Billing.Contracts", "Billing.Contracts", "{585C8C27-C998-4D65-B7C5-31BBC3D877DB}"
EndProject
Project("{9A19103F-16F7-4668-BE54-9A1E7A4F7556}") = "Billing.Contracts.Domain", "Billing\Billing.Contracts\Billing.Contracts.Domain\Billing.Contracts.Domain.csproj", "{E8B5E494-9BB6-4E01-8F4F-F36CA9EB72BA}"
EndProject
Project("{9A19103F-16F7-4668-BE54-9A1E7A4F7556}") = "Billing.Contracts.Infra", "Billing\Billing.Contracts\Billing.Contracts.Infra\Billing.Contracts.Infra.csproj", "{A152C766-545B-4E44-A45F-7886C9F38A3B}"
EndProject
Project("{9A19103F-16F7-4668-BE54-9A1E7A4F7556}") = "Billing.Web", "Billing\Billing.Web\Billing.Web.csproj", "{974843C0-D74A-40FD-A7A0-C1468556FB8B}"
EndProject
Project("{9A19103F-16F7-4668-BE54-9A1E7A4F7556}") = "Billing.Contracts.Application", "Billing\Billing.Contracts\Billing.Contracts.Application\Billing.Contracts.Application.csproj", "{7483BCFC-E7A0-491C-91E3-84729BDA84AB}"
EndProject
Project("{2150E333-8FDC-42A3-9474-1A3956D46DE8}") = "Salesforce", "Salesforce", "{A4697DA2-40F4-4CAC-865B-4B4644D18952}"
EndProject
Project("{9A19103F-16F7-4668-BE54-9A1E7A4F7556}") = "Salesforce.Infra", "Core\Salesforce\Salesforce.Infra\Salesforce.Infra.csproj", "{C1C1BE3F-F815-4C6D-9EBB-C872C12BD8B7}"
EndProject
Project("{9A19103F-16F7-4668-BE54-9A1E7A4F7556}") = "Salesforce.Web", "Core\Salesforce\Salesforce.Web\Salesforce.Web.csproj", "{2CFFEDED-21A1-47BA-8478-46910268F7C3}"
EndProject
Project("{9A19103F-16F7-4668-BE54-9A1E7A4F7556}") = "Salesforce.Domain", "Core\Salesforce\Salesforce.Domain\Salesforce.Domain.csproj", "{DAC7F355-6CF7-4F3B-9FB8-60ACD995408F}"
EndProject
Project("{2150E333-8FDC-42A3-9474-1A3956D46DE8}") = "Tools", "Tools", "{F1DAF879-BFDE-4D3C-8A27-30C48360B720}"
EndProject
Project("{9A19103F-16F7-4668-BE54-9A1E7A4F7556}") = "Tools.Web", "Core\Tools\Tools.Web\Tools.Web.csproj", "{11354982-657F-4B21-B5C3-71F389D4953E}"
EndProject
Project("{2150E333-8FDC-42A3-9474-1A3956D46DE8}") = "Environments", "Environments", "{1C2669B2-A62A-4EFC-AC72-02B971FC7B21}"
EndProject
Project("{9A19103F-16F7-4668-BE54-9A1E7A4F7556}") = "Environments.Domain", "Shared\Environments\Environments.Domain\Environments.Domain.csproj", "{0BB9DF79-4186-487B-AA74-0D017153D3F1}"
EndProject
Project("{9A19103F-16F7-4668-BE54-9A1E7A4F7556}") = "Environments.Infra", "Shared\Environments\Environments.Infra\Environments.Infra.csproj", "{2100F1C9-EBD4-41E8-8511-99D0F8FEC00F}"
EndProject
Project("{9A19103F-16F7-4668-BE54-9A1E7A4F7556}") = "Environments.Web", "Shared\Environments\Environments.Web\Environments.Web.csproj", "{F9EAB303-ABCE-41ED-B749-07C903A7E47D}"
EndProject
Project("{9A19103F-16F7-4668-BE54-9A1E7A4F7556}") = "Environments.Application", "Shared\Environments\Environments.Application\Environments.Application.csproj", "{985BFD54-0727-46DE-8133-F454DBEA2E09}"
EndProject
Project("{2150E333-8FDC-42A3-9474-1A3956D46DE8}") = "Instances", "Instances", "{7DCC44DC-DED6-4042-A1BB-6007208A61E0}"
EndProject
Project("{9A19103F-16F7-4668-BE54-9A1E7A4F7556}") = "Instances.Domain", "Instances\Instances.Domain\Instances.Domain.csproj", "{140E2CA7-73D2-42E6-91D7-729823E1E06B}"
EndProject
Project("{9A19103F-16F7-4668-BE54-9A1E7A4F7556}") = "Instances.Application", "Instances\Instances.Application\Instances.Application.csproj", "{AF79465F-121B-4E78-A91B-EA389FD08C5B}"
EndProject
Project("{9A19103F-16F7-4668-BE54-9A1E7A4F7556}") = "Instances.Infra", "Instances\Instances.Infra\Instances.Infra.csproj", "{F7D92F6D-C342-4384-9B36-081B2310923E}"
EndProject
Project("{9A19103F-16F7-4668-BE54-9A1E7A4F7556}") = "Instances.Web", "Instances\Instances.Web\Instances.Web.csproj", "{87A1BEC1-CB62-4EE9-9352-3DA0B17E1F1E}"
EndProject
Project("{2150E333-8FDC-42A3-9474-1A3956D46DE8}") = "Users", "Users", "{229E4233-5C40-4301-A51F-DBC28638249C}"
EndProject
Project("{FAE04EC0-301F-11D3-BF4B-00C04F79EFBC}") = "Users.Infra", "Core\Users\Users.Infra\Users.Infra.csproj", "{D434D3F8-FD14-49D2-ABA7-3F64FB636CEA}"
EndProject
Project("{FAE04EC0-301F-11D3-BF4B-00C04F79EFBC}") = "Users.Domain", "Core\Users\Users.Domain\Users.Domain.csproj", "{CFB4C7FB-2750-4CA2-BE29-1777C96A6981}"
EndProject
Project("{FAE04EC0-301F-11D3-BF4B-00C04F79EFBC}") = "Users.Web", "Core\Users\Users.Web\Users.Web.csproj", "{4D3D4B24-842C-4B7F-A2E0-0D404DC13829}"
EndProject
Project("{2150E333-8FDC-42A3-9474-1A3956D46DE8}") = "Solution Items", "Solution Items", "{59382D24-498B-4874-8BA0-1B8448D7322A}"
	ProjectSection(SolutionItems) = preProject
		.editorconfig = .editorconfig
		.gitignore = .gitignore
	EndProjectSection
EndProject
Project("{9A19103F-16F7-4668-BE54-9A1E7A4F7556}") = "Instances.Application.Specflow.Tests", "Instances\Instances.Application.Specflow.Tests\Instances.Application.Specflow.Tests.csproj", "{B23F9087-AE0B-445C-8BF5-D57A6B44AA1C}"
EndProject
Project("{9A19103F-16F7-4668-BE54-9A1E7A4F7556}") = "Rights.Infra.Tests", "Core\Rights\Rights.Infra.Tests\Rights.Infra.Tests.csproj", "{241954D5-E1D2-475E-9CD6-47D6FDB77A4A}"
EndProject
Project("{9A19103F-16F7-4668-BE54-9A1E7A4F7556}") = "Instances.Infra.Tests", "Instances\Instances.Infra.Tests\Instances.Infra.Tests.csproj", "{72DF9154-C638-4B47-B998-E9538E9A0F39}"
EndProject
Project("{2150E333-8FDC-42A3-9474-1A3956D46DE8}") = "Cache", "Cache", "{95E20889-4B22-4B2D-B2F2-A7BCB7D93DED}"
EndProject
Project("{9A19103F-16F7-4668-BE54-9A1E7A4F7556}") = "Cache.Abstractions", "Core\Cache\Cache.Abstractions\Cache.Abstractions.csproj", "{FC5A9BFF-A9AE-4BFA-9F2A-7334C8985415}"
EndProject
Project("{9A19103F-16F7-4668-BE54-9A1E7A4F7556}") = "Cache.Web", "Core\Cache\Cache.Web\Cache.Web.csproj", "{606C747A-EDE9-45A3-869D-8FEB2F495924}"
EndProject
Project("{FAE04EC0-301F-11D3-BF4B-00C04F79EFBC}") = "Instances.Domain.Tests", "Instances\Instances.Domain.Tests\Instances.Domain.Tests.csproj", "{358868CC-2A17-4034-B2A0-D984290669D0}"
EndProject
Project("{FAE04EC0-301F-11D3-BF4B-00C04F79EFBC}") = "Authentication.Tests", "Core\Authentication\Authentication.Tests\Authentication.Tests.csproj", "{E29054F5-E020-48B6-B20E-5B285A24D7A7}"
EndProject
Global
	GlobalSection(SolutionConfigurationPlatforms) = preSolution
		Debug|Any CPU = Debug|Any CPU
		Release|Any CPU = Release|Any CPU
	EndGlobalSection
	GlobalSection(ProjectConfigurationPlatforms) = postSolution
		{3CD3249B-116F-443E-A5FF-D7D8ABA0ED56}.Debug|Any CPU.ActiveCfg = Debug|Any CPU
		{3CD3249B-116F-443E-A5FF-D7D8ABA0ED56}.Debug|Any CPU.Build.0 = Debug|Any CPU
		{3CD3249B-116F-443E-A5FF-D7D8ABA0ED56}.Release|Any CPU.ActiveCfg = Release|Any CPU
		{3CD3249B-116F-443E-A5FF-D7D8ABA0ED56}.Release|Any CPU.Build.0 = Release|Any CPU
		{FC47436F-5405-4863-9B76-BB1C4DB7341B}.Debug|Any CPU.ActiveCfg = Debug|Any CPU
		{FC47436F-5405-4863-9B76-BB1C4DB7341B}.Debug|Any CPU.Build.0 = Debug|Any CPU
		{FC47436F-5405-4863-9B76-BB1C4DB7341B}.Release|Any CPU.ActiveCfg = Release|Any CPU
		{FC47436F-5405-4863-9B76-BB1C4DB7341B}.Release|Any CPU.Build.0 = Release|Any CPU
		{D70D97F5-E54C-4FE8-A815-A1ACBB82E30D}.Debug|Any CPU.ActiveCfg = Debug|Any CPU
		{D70D97F5-E54C-4FE8-A815-A1ACBB82E30D}.Debug|Any CPU.Build.0 = Debug|Any CPU
		{D70D97F5-E54C-4FE8-A815-A1ACBB82E30D}.Release|Any CPU.ActiveCfg = Release|Any CPU
		{D70D97F5-E54C-4FE8-A815-A1ACBB82E30D}.Release|Any CPU.Build.0 = Release|Any CPU
		{7FC25DAF-276C-4B8A-8060-B7BD03F48D26}.Debug|Any CPU.ActiveCfg = Debug|Any CPU
		{7FC25DAF-276C-4B8A-8060-B7BD03F48D26}.Debug|Any CPU.Build.0 = Debug|Any CPU
		{7FC25DAF-276C-4B8A-8060-B7BD03F48D26}.Release|Any CPU.ActiveCfg = Release|Any CPU
		{7FC25DAF-276C-4B8A-8060-B7BD03F48D26}.Release|Any CPU.Build.0 = Release|Any CPU
		{6C79B2D0-D418-448C-A9B4-834B1C3E0D96}.Debug|Any CPU.ActiveCfg = Debug|Any CPU
		{6C79B2D0-D418-448C-A9B4-834B1C3E0D96}.Debug|Any CPU.Build.0 = Debug|Any CPU
		{6C79B2D0-D418-448C-A9B4-834B1C3E0D96}.Release|Any CPU.ActiveCfg = Release|Any CPU
		{6C79B2D0-D418-448C-A9B4-834B1C3E0D96}.Release|Any CPU.Build.0 = Release|Any CPU
		{AC60C079-0A42-428F-BF7E-B463A12413FF}.Debug|Any CPU.ActiveCfg = Debug|Any CPU
		{AC60C079-0A42-428F-BF7E-B463A12413FF}.Debug|Any CPU.Build.0 = Debug|Any CPU
		{AC60C079-0A42-428F-BF7E-B463A12413FF}.Release|Any CPU.ActiveCfg = Release|Any CPU
		{AC60C079-0A42-428F-BF7E-B463A12413FF}.Release|Any CPU.Build.0 = Release|Any CPU
		{BA254546-0EC7-4A3A-84FD-D20658C00FEC}.Debug|Any CPU.ActiveCfg = Debug|Any CPU
		{BA254546-0EC7-4A3A-84FD-D20658C00FEC}.Debug|Any CPU.Build.0 = Debug|Any CPU
		{BA254546-0EC7-4A3A-84FD-D20658C00FEC}.Release|Any CPU.ActiveCfg = Release|Any CPU
		{BA254546-0EC7-4A3A-84FD-D20658C00FEC}.Release|Any CPU.Build.0 = Release|Any CPU
		{AE948DE9-D23E-4D9B-A07D-37061B9B3F27}.Debug|Any CPU.ActiveCfg = Debug|Any CPU
		{AE948DE9-D23E-4D9B-A07D-37061B9B3F27}.Debug|Any CPU.Build.0 = Debug|Any CPU
		{AE948DE9-D23E-4D9B-A07D-37061B9B3F27}.Release|Any CPU.ActiveCfg = Release|Any CPU
		{AE948DE9-D23E-4D9B-A07D-37061B9B3F27}.Release|Any CPU.Build.0 = Release|Any CPU
		{D990195A-2D03-4418-B810-DD2EED9EBF79}.Debug|Any CPU.ActiveCfg = Debug|Any CPU
		{D990195A-2D03-4418-B810-DD2EED9EBF79}.Debug|Any CPU.Build.0 = Debug|Any CPU
		{D990195A-2D03-4418-B810-DD2EED9EBF79}.Release|Any CPU.ActiveCfg = Release|Any CPU
		{D990195A-2D03-4418-B810-DD2EED9EBF79}.Release|Any CPU.Build.0 = Release|Any CPU
		{FB7AAC68-9DF7-480B-B04C-42B493B6FA4C}.Debug|Any CPU.ActiveCfg = Debug|Any CPU
		{FB7AAC68-9DF7-480B-B04C-42B493B6FA4C}.Debug|Any CPU.Build.0 = Debug|Any CPU
		{FB7AAC68-9DF7-480B-B04C-42B493B6FA4C}.Release|Any CPU.ActiveCfg = Release|Any CPU
		{FB7AAC68-9DF7-480B-B04C-42B493B6FA4C}.Release|Any CPU.Build.0 = Release|Any CPU
		{72F322BD-F129-4B01-8E70-DC54F3D1ECBF}.Debug|Any CPU.ActiveCfg = Debug|Any CPU
		{72F322BD-F129-4B01-8E70-DC54F3D1ECBF}.Debug|Any CPU.Build.0 = Debug|Any CPU
		{72F322BD-F129-4B01-8E70-DC54F3D1ECBF}.Release|Any CPU.ActiveCfg = Release|Any CPU
		{72F322BD-F129-4B01-8E70-DC54F3D1ECBF}.Release|Any CPU.Build.0 = Release|Any CPU
		{BB374E15-A1E9-4EDB-A09B-70813F475FC9}.Debug|Any CPU.ActiveCfg = Debug|Any CPU
		{BB374E15-A1E9-4EDB-A09B-70813F475FC9}.Debug|Any CPU.Build.0 = Debug|Any CPU
		{BB374E15-A1E9-4EDB-A09B-70813F475FC9}.Release|Any CPU.ActiveCfg = Release|Any CPU
		{BB374E15-A1E9-4EDB-A09B-70813F475FC9}.Release|Any CPU.Build.0 = Release|Any CPU
		{8820F056-B423-4C25-9EE8-2EAE5DB95038}.Debug|Any CPU.ActiveCfg = Debug|Any CPU
		{8820F056-B423-4C25-9EE8-2EAE5DB95038}.Debug|Any CPU.Build.0 = Debug|Any CPU
		{8820F056-B423-4C25-9EE8-2EAE5DB95038}.Release|Any CPU.ActiveCfg = Release|Any CPU
		{8820F056-B423-4C25-9EE8-2EAE5DB95038}.Release|Any CPU.Build.0 = Release|Any CPU
		{FE58AA9D-0951-4764-9226-2F84AF086AB7}.Debug|Any CPU.ActiveCfg = Debug|Any CPU
		{FE58AA9D-0951-4764-9226-2F84AF086AB7}.Debug|Any CPU.Build.0 = Debug|Any CPU
		{FE58AA9D-0951-4764-9226-2F84AF086AB7}.Release|Any CPU.ActiveCfg = Release|Any CPU
		{FE58AA9D-0951-4764-9226-2F84AF086AB7}.Release|Any CPU.Build.0 = Release|Any CPU
		{600B9E59-DC6F-4B2E-8501-C7DC1785A2F6}.Debug|Any CPU.ActiveCfg = Debug|Any CPU
		{600B9E59-DC6F-4B2E-8501-C7DC1785A2F6}.Debug|Any CPU.Build.0 = Debug|Any CPU
		{600B9E59-DC6F-4B2E-8501-C7DC1785A2F6}.Release|Any CPU.ActiveCfg = Release|Any CPU
		{600B9E59-DC6F-4B2E-8501-C7DC1785A2F6}.Release|Any CPU.Build.0 = Release|Any CPU
		{5980A55F-7D14-4680-9DCC-5FBD0582B017}.Debug|Any CPU.ActiveCfg = Debug|Any CPU
		{5980A55F-7D14-4680-9DCC-5FBD0582B017}.Debug|Any CPU.Build.0 = Debug|Any CPU
		{5980A55F-7D14-4680-9DCC-5FBD0582B017}.Release|Any CPU.ActiveCfg = Release|Any CPU
		{5980A55F-7D14-4680-9DCC-5FBD0582B017}.Release|Any CPU.Build.0 = Release|Any CPU
		{39BE3AAF-C5AC-4653-A3D2-61DF15CC7D2F}.Debug|Any CPU.ActiveCfg = Debug|Any CPU
		{39BE3AAF-C5AC-4653-A3D2-61DF15CC7D2F}.Debug|Any CPU.Build.0 = Debug|Any CPU
		{39BE3AAF-C5AC-4653-A3D2-61DF15CC7D2F}.Release|Any CPU.ActiveCfg = Release|Any CPU
		{39BE3AAF-C5AC-4653-A3D2-61DF15CC7D2F}.Release|Any CPU.Build.0 = Release|Any CPU
		{E9589197-D428-490C-B055-304A7732BA40}.Debug|Any CPU.ActiveCfg = Debug|Any CPU
		{E9589197-D428-490C-B055-304A7732BA40}.Debug|Any CPU.Build.0 = Debug|Any CPU
		{E9589197-D428-490C-B055-304A7732BA40}.Release|Any CPU.ActiveCfg = Release|Any CPU
		{E9589197-D428-490C-B055-304A7732BA40}.Release|Any CPU.Build.0 = Release|Any CPU
		{B519B984-5C8E-4078-9403-C3CF872E1621}.Debug|Any CPU.ActiveCfg = Debug|Any CPU
		{B519B984-5C8E-4078-9403-C3CF872E1621}.Debug|Any CPU.Build.0 = Debug|Any CPU
		{B519B984-5C8E-4078-9403-C3CF872E1621}.Release|Any CPU.ActiveCfg = Release|Any CPU
		{B519B984-5C8E-4078-9403-C3CF872E1621}.Release|Any CPU.Build.0 = Release|Any CPU
		{6A64D106-8934-4AA9-B99E-2E5824BB0AFA}.Debug|Any CPU.ActiveCfg = Debug|Any CPU
		{6A64D106-8934-4AA9-B99E-2E5824BB0AFA}.Debug|Any CPU.Build.0 = Debug|Any CPU
		{6A64D106-8934-4AA9-B99E-2E5824BB0AFA}.Release|Any CPU.ActiveCfg = Release|Any CPU
		{6A64D106-8934-4AA9-B99E-2E5824BB0AFA}.Release|Any CPU.Build.0 = Release|Any CPU
		{A6D4EA22-F0A9-43E6-854E-8FF5125E7ECF}.Debug|Any CPU.ActiveCfg = Debug|Any CPU
		{A6D4EA22-F0A9-43E6-854E-8FF5125E7ECF}.Debug|Any CPU.Build.0 = Debug|Any CPU
		{A6D4EA22-F0A9-43E6-854E-8FF5125E7ECF}.Release|Any CPU.ActiveCfg = Release|Any CPU
		{A6D4EA22-F0A9-43E6-854E-8FF5125E7ECF}.Release|Any CPU.Build.0 = Release|Any CPU
		{3FCDAE31-D862-44AE-92E2-51A3A354EDC3}.Debug|Any CPU.ActiveCfg = Debug|Any CPU
		{3FCDAE31-D862-44AE-92E2-51A3A354EDC3}.Debug|Any CPU.Build.0 = Debug|Any CPU
		{3FCDAE31-D862-44AE-92E2-51A3A354EDC3}.Release|Any CPU.ActiveCfg = Release|Any CPU
		{3FCDAE31-D862-44AE-92E2-51A3A354EDC3}.Release|Any CPU.Build.0 = Release|Any CPU
		{E8B5E494-9BB6-4E01-8F4F-F36CA9EB72BA}.Debug|Any CPU.ActiveCfg = Debug|Any CPU
		{E8B5E494-9BB6-4E01-8F4F-F36CA9EB72BA}.Debug|Any CPU.Build.0 = Debug|Any CPU
		{E8B5E494-9BB6-4E01-8F4F-F36CA9EB72BA}.Release|Any CPU.ActiveCfg = Release|Any CPU
		{E8B5E494-9BB6-4E01-8F4F-F36CA9EB72BA}.Release|Any CPU.Build.0 = Release|Any CPU
		{A152C766-545B-4E44-A45F-7886C9F38A3B}.Debug|Any CPU.ActiveCfg = Debug|Any CPU
		{A152C766-545B-4E44-A45F-7886C9F38A3B}.Debug|Any CPU.Build.0 = Debug|Any CPU
		{A152C766-545B-4E44-A45F-7886C9F38A3B}.Release|Any CPU.ActiveCfg = Release|Any CPU
		{A152C766-545B-4E44-A45F-7886C9F38A3B}.Release|Any CPU.Build.0 = Release|Any CPU
		{974843C0-D74A-40FD-A7A0-C1468556FB8B}.Debug|Any CPU.ActiveCfg = Debug|Any CPU
		{974843C0-D74A-40FD-A7A0-C1468556FB8B}.Debug|Any CPU.Build.0 = Debug|Any CPU
		{974843C0-D74A-40FD-A7A0-C1468556FB8B}.Release|Any CPU.ActiveCfg = Release|Any CPU
		{974843C0-D74A-40FD-A7A0-C1468556FB8B}.Release|Any CPU.Build.0 = Release|Any CPU
		{7483BCFC-E7A0-491C-91E3-84729BDA84AB}.Debug|Any CPU.ActiveCfg = Debug|Any CPU
		{7483BCFC-E7A0-491C-91E3-84729BDA84AB}.Debug|Any CPU.Build.0 = Debug|Any CPU
		{7483BCFC-E7A0-491C-91E3-84729BDA84AB}.Release|Any CPU.ActiveCfg = Release|Any CPU
		{7483BCFC-E7A0-491C-91E3-84729BDA84AB}.Release|Any CPU.Build.0 = Release|Any CPU
		{C1C1BE3F-F815-4C6D-9EBB-C872C12BD8B7}.Debug|Any CPU.ActiveCfg = Debug|Any CPU
		{C1C1BE3F-F815-4C6D-9EBB-C872C12BD8B7}.Debug|Any CPU.Build.0 = Debug|Any CPU
		{C1C1BE3F-F815-4C6D-9EBB-C872C12BD8B7}.Release|Any CPU.ActiveCfg = Release|Any CPU
		{C1C1BE3F-F815-4C6D-9EBB-C872C12BD8B7}.Release|Any CPU.Build.0 = Release|Any CPU
		{2CFFEDED-21A1-47BA-8478-46910268F7C3}.Debug|Any CPU.ActiveCfg = Debug|Any CPU
		{2CFFEDED-21A1-47BA-8478-46910268F7C3}.Debug|Any CPU.Build.0 = Debug|Any CPU
		{2CFFEDED-21A1-47BA-8478-46910268F7C3}.Release|Any CPU.ActiveCfg = Release|Any CPU
		{2CFFEDED-21A1-47BA-8478-46910268F7C3}.Release|Any CPU.Build.0 = Release|Any CPU
		{DAC7F355-6CF7-4F3B-9FB8-60ACD995408F}.Debug|Any CPU.ActiveCfg = Debug|Any CPU
		{DAC7F355-6CF7-4F3B-9FB8-60ACD995408F}.Debug|Any CPU.Build.0 = Debug|Any CPU
		{DAC7F355-6CF7-4F3B-9FB8-60ACD995408F}.Release|Any CPU.ActiveCfg = Release|Any CPU
		{DAC7F355-6CF7-4F3B-9FB8-60ACD995408F}.Release|Any CPU.Build.0 = Release|Any CPU
		{11354982-657F-4B21-B5C3-71F389D4953E}.Debug|Any CPU.ActiveCfg = Debug|Any CPU
		{11354982-657F-4B21-B5C3-71F389D4953E}.Debug|Any CPU.Build.0 = Debug|Any CPU
		{11354982-657F-4B21-B5C3-71F389D4953E}.Release|Any CPU.ActiveCfg = Release|Any CPU
		{11354982-657F-4B21-B5C3-71F389D4953E}.Release|Any CPU.Build.0 = Release|Any CPU
		{0BB9DF79-4186-487B-AA74-0D017153D3F1}.Debug|Any CPU.ActiveCfg = Debug|Any CPU
		{0BB9DF79-4186-487B-AA74-0D017153D3F1}.Debug|Any CPU.Build.0 = Debug|Any CPU
		{0BB9DF79-4186-487B-AA74-0D017153D3F1}.Release|Any CPU.ActiveCfg = Release|Any CPU
		{0BB9DF79-4186-487B-AA74-0D017153D3F1}.Release|Any CPU.Build.0 = Release|Any CPU
		{2100F1C9-EBD4-41E8-8511-99D0F8FEC00F}.Debug|Any CPU.ActiveCfg = Debug|Any CPU
		{2100F1C9-EBD4-41E8-8511-99D0F8FEC00F}.Debug|Any CPU.Build.0 = Debug|Any CPU
		{2100F1C9-EBD4-41E8-8511-99D0F8FEC00F}.Release|Any CPU.ActiveCfg = Release|Any CPU
		{2100F1C9-EBD4-41E8-8511-99D0F8FEC00F}.Release|Any CPU.Build.0 = Release|Any CPU
		{F9EAB303-ABCE-41ED-B749-07C903A7E47D}.Debug|Any CPU.ActiveCfg = Debug|Any CPU
		{F9EAB303-ABCE-41ED-B749-07C903A7E47D}.Debug|Any CPU.Build.0 = Debug|Any CPU
		{D434D3F8-FD14-49D2-ABA7-3F64FB636CEA}.Debug|Any CPU.ActiveCfg = Debug|Any CPU
		{D434D3F8-FD14-49D2-ABA7-3F64FB636CEA}.Debug|Any CPU.Build.0 = Debug|Any CPU
		{D434D3F8-FD14-49D2-ABA7-3F64FB636CEA}.Release|Any CPU.ActiveCfg = Release|Any CPU
		{D434D3F8-FD14-49D2-ABA7-3F64FB636CEA}.Release|Any CPU.Build.0 = Release|Any CPU
		{CFB4C7FB-2750-4CA2-BE29-1777C96A6981}.Debug|Any CPU.ActiveCfg = Debug|Any CPU
		{CFB4C7FB-2750-4CA2-BE29-1777C96A6981}.Debug|Any CPU.Build.0 = Debug|Any CPU
		{CFB4C7FB-2750-4CA2-BE29-1777C96A6981}.Release|Any CPU.ActiveCfg = Release|Any CPU
		{CFB4C7FB-2750-4CA2-BE29-1777C96A6981}.Release|Any CPU.Build.0 = Release|Any CPU
		{4D3D4B24-842C-4B7F-A2E0-0D404DC13829}.Debug|Any CPU.ActiveCfg = Debug|Any CPU
		{4D3D4B24-842C-4B7F-A2E0-0D404DC13829}.Debug|Any CPU.Build.0 = Debug|Any CPU
		{4D3D4B24-842C-4B7F-A2E0-0D404DC13829}.Release|Any CPU.ActiveCfg = Release|Any CPU
		{4D3D4B24-842C-4B7F-A2E0-0D404DC13829}.Release|Any CPU.Build.0 = Release|Any CPU
		{F9EAB303-ABCE-41ED-B749-07C903A7E47D}.Release|Any CPU.ActiveCfg = Release|Any CPU
		{F9EAB303-ABCE-41ED-B749-07C903A7E47D}.Release|Any CPU.Build.0 = Release|Any CPU
		{985BFD54-0727-46DE-8133-F454DBEA2E09}.Debug|Any CPU.ActiveCfg = Debug|Any CPU
		{985BFD54-0727-46DE-8133-F454DBEA2E09}.Debug|Any CPU.Build.0 = Debug|Any CPU
		{985BFD54-0727-46DE-8133-F454DBEA2E09}.Release|Any CPU.ActiveCfg = Release|Any CPU
		{985BFD54-0727-46DE-8133-F454DBEA2E09}.Release|Any CPU.Build.0 = Release|Any CPU
		{140E2CA7-73D2-42E6-91D7-729823E1E06B}.Debug|Any CPU.ActiveCfg = Debug|Any CPU
		{140E2CA7-73D2-42E6-91D7-729823E1E06B}.Debug|Any CPU.Build.0 = Debug|Any CPU
		{140E2CA7-73D2-42E6-91D7-729823E1E06B}.Release|Any CPU.ActiveCfg = Release|Any CPU
		{140E2CA7-73D2-42E6-91D7-729823E1E06B}.Release|Any CPU.Build.0 = Release|Any CPU
		{AF79465F-121B-4E78-A91B-EA389FD08C5B}.Debug|Any CPU.ActiveCfg = Debug|Any CPU
		{AF79465F-121B-4E78-A91B-EA389FD08C5B}.Debug|Any CPU.Build.0 = Debug|Any CPU
		{AF79465F-121B-4E78-A91B-EA389FD08C5B}.Release|Any CPU.ActiveCfg = Release|Any CPU
		{AF79465F-121B-4E78-A91B-EA389FD08C5B}.Release|Any CPU.Build.0 = Release|Any CPU
		{F7D92F6D-C342-4384-9B36-081B2310923E}.Debug|Any CPU.ActiveCfg = Debug|Any CPU
		{F7D92F6D-C342-4384-9B36-081B2310923E}.Debug|Any CPU.Build.0 = Debug|Any CPU
		{F7D92F6D-C342-4384-9B36-081B2310923E}.Release|Any CPU.ActiveCfg = Release|Any CPU
		{F7D92F6D-C342-4384-9B36-081B2310923E}.Release|Any CPU.Build.0 = Release|Any CPU
		{87A1BEC1-CB62-4EE9-9352-3DA0B17E1F1E}.Debug|Any CPU.ActiveCfg = Debug|Any CPU
		{87A1BEC1-CB62-4EE9-9352-3DA0B17E1F1E}.Debug|Any CPU.Build.0 = Debug|Any CPU
		{87A1BEC1-CB62-4EE9-9352-3DA0B17E1F1E}.Release|Any CPU.ActiveCfg = Release|Any CPU
		{87A1BEC1-CB62-4EE9-9352-3DA0B17E1F1E}.Release|Any CPU.Build.0 = Release|Any CPU
		{B23F9087-AE0B-445C-8BF5-D57A6B44AA1C}.Debug|Any CPU.ActiveCfg = Debug|Any CPU
		{B23F9087-AE0B-445C-8BF5-D57A6B44AA1C}.Debug|Any CPU.Build.0 = Debug|Any CPU
		{B23F9087-AE0B-445C-8BF5-D57A6B44AA1C}.Release|Any CPU.ActiveCfg = Release|Any CPU
		{B23F9087-AE0B-445C-8BF5-D57A6B44AA1C}.Release|Any CPU.Build.0 = Release|Any CPU
		{241954D5-E1D2-475E-9CD6-47D6FDB77A4A}.Debug|Any CPU.ActiveCfg = Debug|Any CPU
		{241954D5-E1D2-475E-9CD6-47D6FDB77A4A}.Debug|Any CPU.Build.0 = Debug|Any CPU
		{241954D5-E1D2-475E-9CD6-47D6FDB77A4A}.Release|Any CPU.ActiveCfg = Release|Any CPU
		{241954D5-E1D2-475E-9CD6-47D6FDB77A4A}.Release|Any CPU.Build.0 = Release|Any CPU
		{72DF9154-C638-4B47-B998-E9538E9A0F39}.Debug|Any CPU.ActiveCfg = Debug|Any CPU
		{72DF9154-C638-4B47-B998-E9538E9A0F39}.Debug|Any CPU.Build.0 = Debug|Any CPU
		{72DF9154-C638-4B47-B998-E9538E9A0F39}.Release|Any CPU.ActiveCfg = Release|Any CPU
		{72DF9154-C638-4B47-B998-E9538E9A0F39}.Release|Any CPU.Build.0 = Release|Any CPU
		{FC5A9BFF-A9AE-4BFA-9F2A-7334C8985415}.Debug|Any CPU.ActiveCfg = Debug|Any CPU
		{FC5A9BFF-A9AE-4BFA-9F2A-7334C8985415}.Debug|Any CPU.Build.0 = Debug|Any CPU
		{FC5A9BFF-A9AE-4BFA-9F2A-7334C8985415}.Release|Any CPU.ActiveCfg = Release|Any CPU
		{FC5A9BFF-A9AE-4BFA-9F2A-7334C8985415}.Release|Any CPU.Build.0 = Release|Any CPU
		{606C747A-EDE9-45A3-869D-8FEB2F495924}.Debug|Any CPU.ActiveCfg = Debug|Any CPU
		{606C747A-EDE9-45A3-869D-8FEB2F495924}.Debug|Any CPU.Build.0 = Debug|Any CPU
		{606C747A-EDE9-45A3-869D-8FEB2F495924}.Release|Any CPU.ActiveCfg = Release|Any CPU
		{606C747A-EDE9-45A3-869D-8FEB2F495924}.Release|Any CPU.Build.0 = Release|Any CPU
		{E29054F5-E020-48B6-B20E-5B285A24D7A7}.Debug|Any CPU.ActiveCfg = Debug|Any CPU
		{E29054F5-E020-48B6-B20E-5B285A24D7A7}.Debug|Any CPU.Build.0 = Debug|Any CPU
		{E29054F5-E020-48B6-B20E-5B285A24D7A7}.Release|Any CPU.ActiveCfg = Release|Any CPU
		{E29054F5-E020-48B6-B20E-5B285A24D7A7}.Release|Any CPU.Build.0 = Release|Any CPU
		{358868CC-2A17-4034-B2A0-D984290669D0}.Debug|Any CPU.ActiveCfg = Debug|Any CPU
		{358868CC-2A17-4034-B2A0-D984290669D0}.Debug|Any CPU.Build.0 = Debug|Any CPU
		{358868CC-2A17-4034-B2A0-D984290669D0}.Release|Any CPU.ActiveCfg = Release|Any CPU
		{358868CC-2A17-4034-B2A0-D984290669D0}.Release|Any CPU.Build.0 = Release|Any CPU
	EndGlobalSection
	GlobalSection(SolutionProperties) = preSolution
		HideSolutionNode = FALSE
	EndGlobalSection
	GlobalSection(NestedProjects) = preSolution
		{FC47436F-5405-4863-9B76-BB1C4DB7341B} = {617940DE-5945-42BD-BD65-9CF79142234E}
		{617940DE-5945-42BD-BD65-9CF79142234E} = {D2E2B97F-F64D-42B1-B5E0-42EE97C53944}
		{D70D97F5-E54C-4FE8-A815-A1ACBB82E30D} = {617940DE-5945-42BD-BD65-9CF79142234E}
		{7FC25DAF-276C-4B8A-8060-B7BD03F48D26} = {617940DE-5945-42BD-BD65-9CF79142234E}
		{FB5D1253-3895-41D2-A460-61E2DEEAA44C} = {D2E2B97F-F64D-42B1-B5E0-42EE97C53944}
		{6C79B2D0-D418-448C-A9B4-834B1C3E0D96} = {FB5D1253-3895-41D2-A460-61E2DEEAA44C}
		{AC60C079-0A42-428F-BF7E-B463A12413FF} = {FB5D1253-3895-41D2-A460-61E2DEEAA44C}
		{1CE323C2-E98D-4054-851B-4E6F833441AE} = {94CEAD15-4C0C-407D-84F4-BF21FBFD737C}
		{BA254546-0EC7-4A3A-84FD-D20658C00FEC} = {1CE323C2-E98D-4054-851B-4E6F833441AE}
		{71AE2200-9AB3-4975-AFBD-D5869358CDFB} = {D2E2B97F-F64D-42B1-B5E0-42EE97C53944}
		{AE948DE9-D23E-4D9B-A07D-37061B9B3F27} = {71AE2200-9AB3-4975-AFBD-D5869358CDFB}
		{D990195A-2D03-4418-B810-DD2EED9EBF79} = {71AE2200-9AB3-4975-AFBD-D5869358CDFB}
		{FB7AAC68-9DF7-480B-B04C-42B493B6FA4C} = {71AE2200-9AB3-4975-AFBD-D5869358CDFB}
		{39841DFA-7A67-4F43-BB42-B5B6E7657294} = {D2E2B97F-F64D-42B1-B5E0-42EE97C53944}
		{72F322BD-F129-4B01-8E70-DC54F3D1ECBF} = {39841DFA-7A67-4F43-BB42-B5B6E7657294}
		{05C34518-C820-43BC-9BBB-168CB42D8F03} = {D2E2B97F-F64D-42B1-B5E0-42EE97C53944}
		{BB374E15-A1E9-4EDB-A09B-70813F475FC9} = {05C34518-C820-43BC-9BBB-168CB42D8F03}
		{8820F056-B423-4C25-9EE8-2EAE5DB95038} = {05C34518-C820-43BC-9BBB-168CB42D8F03}
		{66118C4B-C4E5-48E0-8787-54E1D7181ED5} = {94CEAD15-4C0C-407D-84F4-BF21FBFD737C}
		{FE58AA9D-0951-4764-9226-2F84AF086AB7} = {66118C4B-C4E5-48E0-8787-54E1D7181ED5}
		{600B9E59-DC6F-4B2E-8501-C7DC1785A2F6} = {66118C4B-C4E5-48E0-8787-54E1D7181ED5}
		{5980A55F-7D14-4680-9DCC-5FBD0582B017} = {66118C4B-C4E5-48E0-8787-54E1D7181ED5}
		{90D93B9D-512D-4086-87A6-9D15AE8C6D9B} = {617940DE-5945-42BD-BD65-9CF79142234E}
		{E9589197-D428-490C-B055-304A7732BA40} = {90D93B9D-512D-4086-87A6-9D15AE8C6D9B}
		{195CF408-250E-42C0-AEE1-003CF830ED2D} = {D2E2B97F-F64D-42B1-B5E0-42EE97C53944}
		{B519B984-5C8E-4078-9403-C3CF872E1621} = {195CF408-250E-42C0-AEE1-003CF830ED2D}
		{6A64D106-8934-4AA9-B99E-2E5824BB0AFA} = {195CF408-250E-42C0-AEE1-003CF830ED2D}
		{A6D4EA22-F0A9-43E6-854E-8FF5125E7ECF} = {195CF408-250E-42C0-AEE1-003CF830ED2D}
		{3FCDAE31-D862-44AE-92E2-51A3A354EDC3} = {FB5D1253-3895-41D2-A460-61E2DEEAA44C}
		{585C8C27-C998-4D65-B7C5-31BBC3D877DB} = {9DD9DFEE-CEF1-454C-AE72-F378A4486168}
		{E8B5E494-9BB6-4E01-8F4F-F36CA9EB72BA} = {585C8C27-C998-4D65-B7C5-31BBC3D877DB}
		{A152C766-545B-4E44-A45F-7886C9F38A3B} = {585C8C27-C998-4D65-B7C5-31BBC3D877DB}
		{974843C0-D74A-40FD-A7A0-C1468556FB8B} = {9DD9DFEE-CEF1-454C-AE72-F378A4486168}
		{7483BCFC-E7A0-491C-91E3-84729BDA84AB} = {585C8C27-C998-4D65-B7C5-31BBC3D877DB}
		{A4697DA2-40F4-4CAC-865B-4B4644D18952} = {D2E2B97F-F64D-42B1-B5E0-42EE97C53944}
		{C1C1BE3F-F815-4C6D-9EBB-C872C12BD8B7} = {A4697DA2-40F4-4CAC-865B-4B4644D18952}
		{2CFFEDED-21A1-47BA-8478-46910268F7C3} = {A4697DA2-40F4-4CAC-865B-4B4644D18952}
		{DAC7F355-6CF7-4F3B-9FB8-60ACD995408F} = {A4697DA2-40F4-4CAC-865B-4B4644D18952}
		{F1DAF879-BFDE-4D3C-8A27-30C48360B720} = {D2E2B97F-F64D-42B1-B5E0-42EE97C53944}
		{11354982-657F-4B21-B5C3-71F389D4953E} = {F1DAF879-BFDE-4D3C-8A27-30C48360B720}
		{1C2669B2-A62A-4EFC-AC72-02B971FC7B21} = {94CEAD15-4C0C-407D-84F4-BF21FBFD737C}
		{0BB9DF79-4186-487B-AA74-0D017153D3F1} = {1C2669B2-A62A-4EFC-AC72-02B971FC7B21}
		{2100F1C9-EBD4-41E8-8511-99D0F8FEC00F} = {1C2669B2-A62A-4EFC-AC72-02B971FC7B21}
		{F9EAB303-ABCE-41ED-B749-07C903A7E47D} = {1C2669B2-A62A-4EFC-AC72-02B971FC7B21}
		{985BFD54-0727-46DE-8133-F454DBEA2E09} = {1C2669B2-A62A-4EFC-AC72-02B971FC7B21}
		{229E4233-5C40-4301-A51F-DBC28638249C} = {D2E2B97F-F64D-42B1-B5E0-42EE97C53944}
		{D434D3F8-FD14-49D2-ABA7-3F64FB636CEA} = {229E4233-5C40-4301-A51F-DBC28638249C}
		{CFB4C7FB-2750-4CA2-BE29-1777C96A6981} = {229E4233-5C40-4301-A51F-DBC28638249C}
		{4D3D4B24-842C-4B7F-A2E0-0D404DC13829} = {229E4233-5C40-4301-A51F-DBC28638249C}
		{95E20889-4B22-4B2D-B2F2-A7BCB7D93DED} = {D2E2B97F-F64D-42B1-B5E0-42EE97C53944}
		{FC5A9BFF-A9AE-4BFA-9F2A-7334C8985415} = {95E20889-4B22-4B2D-B2F2-A7BCB7D93DED}
		{606C747A-EDE9-45A3-869D-8FEB2F495924} = {95E20889-4B22-4B2D-B2F2-A7BCB7D93DED}
		{E29054F5-E020-48B6-B20E-5B285A24D7A7} = {617940DE-5945-42BD-BD65-9CF79142234E}
		{140E2CA7-73D2-42E6-91D7-729823E1E06B} = {7DCC44DC-DED6-4042-A1BB-6007208A61E0}
		{AF79465F-121B-4E78-A91B-EA389FD08C5B} = {7DCC44DC-DED6-4042-A1BB-6007208A61E0}
		{F7D92F6D-C342-4384-9B36-081B2310923E} = {7DCC44DC-DED6-4042-A1BB-6007208A61E0}
		{87A1BEC1-CB62-4EE9-9352-3DA0B17E1F1E} = {7DCC44DC-DED6-4042-A1BB-6007208A61E0}
		{B23F9087-AE0B-445C-8BF5-D57A6B44AA1C} = {7DCC44DC-DED6-4042-A1BB-6007208A61E0}
		{241954D5-E1D2-475E-9CD6-47D6FDB77A4A} = {71AE2200-9AB3-4975-AFBD-D5869358CDFB}
		{72DF9154-C638-4B47-B998-E9538E9A0F39} = {7DCC44DC-DED6-4042-A1BB-6007208A61E0}
		{95E20889-4B22-4B2D-B2F2-A7BCB7D93DED} = {D2E2B97F-F64D-42B1-B5E0-42EE97C53944}
		{FC5A9BFF-A9AE-4BFA-9F2A-7334C8985415} = {95E20889-4B22-4B2D-B2F2-A7BCB7D93DED}
		{606C747A-EDE9-45A3-869D-8FEB2F495924} = {95E20889-4B22-4B2D-B2F2-A7BCB7D93DED}
		{358868CC-2A17-4034-B2A0-D984290669D0} = {7DCC44DC-DED6-4042-A1BB-6007208A61E0}
	EndGlobalSection
	GlobalSection(ExtensibilityGlobals) = postSolution
		SolutionGuid = {EBA79BF7-490F-4B8F-8162-771B77F6C73B}
	EndGlobalSection
EndGlobal
