
Microsoft Visual Studio Solution File, Format Version 12.00
# Visual Studio Version 16
VisualStudioVersion = 16.0.29806.167
MinimumVisualStudioVersion = 10.0.40219.1
Project("{9A19103F-16F7-4668-BE54-9A1E7A4F7556}") = "CloudControl.Web", "CloudControl.Web\CloudControl.Web.csproj", "{3CD3249B-116F-443E-A5FF-D7D8ABA0ED56}"
EndProject
Project("{2150E333-8FDC-42A3-9474-1A3956D46DE8}") = "Shared", "Shared", "{94CEAD15-4C0C-407D-84F4-BF21FBFD737C}"
EndProject
Project("{2150E333-8FDC-42A3-9474-1A3956D46DE8}") = "Core", "Core", "{D2E2B97F-F64D-42B1-B5E0-42EE97C53944}"
EndProject
Project("{9A19103F-16F7-4668-BE54-9A1E7A4F7556}") = "Authentication.Infra", "Core\Authentication\Authentication.Infra\Authentication.Infra.csproj", "{FC47436F-5405-4863-9B76-BB1C4DB7341B}"
EndProject
Project("{2150E333-8FDC-42A3-9474-1A3956D46DE8}") = "Authentication", "Authentication", "{617940DE-5945-42BD-BD65-9CF79142234E}"
EndProject
Project("{9A19103F-16F7-4668-BE54-9A1E7A4F7556}") = "Authentication.Domain", "Core\Authentication\Authentication.Domain\Authentication.Domain.csproj", "{D70D97F5-E54C-4FE8-A815-A1ACBB82E30D}"
EndProject
Project("{9A19103F-16F7-4668-BE54-9A1E7A4F7556}") = "Authentication.Web", "Core\Authentication\Authentication.Web\Authentication.Web.csproj", "{7FC25DAF-276C-4B8A-8060-B7BD03F48D26}"
EndProject
Project("{2150E333-8FDC-42A3-9474-1A3956D46DE8}") = "Proxy", "Proxy", "{FB5D1253-3895-41D2-A460-61E2DEEAA44C}"
EndProject
Project("{9A19103F-16F7-4668-BE54-9A1E7A4F7556}") = "Proxy.Infra", "Core\Proxy\Proxy.Infra\Proxy.Infra.csproj", "{6C79B2D0-D418-448C-A9B4-834B1C3E0D96}"
EndProject
Project("{9A19103F-16F7-4668-BE54-9A1E7A4F7556}") = "Proxy.Web", "Core\Proxy\Proxy.Web\Proxy.Web.csproj", "{AC60C079-0A42-428F-BF7E-B463A12413FF}"
EndProject
Project("{2150E333-8FDC-42A3-9474-1A3956D46DE8}") = "Remote", "Remote", "{1CE323C2-E98D-4054-851B-4E6F833441AE}"
EndProject
Project("{9A19103F-16F7-4668-BE54-9A1E7A4F7556}") = "Remote.Infra", "Shared\Remote\Remote.Infra\Remote.Infra.csproj", "{BA254546-0EC7-4A3A-84FD-D20658C00FEC}"
EndProject
Project("{2150E333-8FDC-42A3-9474-1A3956D46DE8}") = "Rights", "Rights", "{71AE2200-9AB3-4975-AFBD-D5869358CDFB}"
EndProject
Project("{9A19103F-16F7-4668-BE54-9A1E7A4F7556}") = "Rights.Infra", "Core\Rights\Rights.Infra\Rights.Infra.csproj", "{AE948DE9-D23E-4D9B-A07D-37061B9B3F27}"
EndProject
Project("{9A19103F-16F7-4668-BE54-9A1E7A4F7556}") = "Rights.Web", "Core\Rights\Rights.Web\Rights.Web.csproj", "{D990195A-2D03-4418-B810-DD2EED9EBF79}"
EndProject
Project("{9A19103F-16F7-4668-BE54-9A1E7A4F7556}") = "Rights.Domain", "Core\Rights\Rights.Domain\Rights.Domain.csproj", "{FB7AAC68-9DF7-480B-B04C-42B493B6FA4C}"
EndProject
Project("{2150E333-8FDC-42A3-9474-1A3956D46DE8}") = "Partenaires", "Partenaires", "{39841DFA-7A67-4F43-BB42-B5B6E7657294}"
EndProject
Project("{9A19103F-16F7-4668-BE54-9A1E7A4F7556}") = "Partenaires.Infra", "Core\Partenaires\Partenaires.Infra\Partenaires.Infra.csproj", "{72F322BD-F129-4B01-8E70-DC54F3D1ECBF}"
EndProject
Project("{2150E333-8FDC-42A3-9474-1A3956D46DE8}") = "Events", "Events", "{D77F0EE6-5E68-47E1-BCA0-97EC47E5A264}"
EndProject
Project("{9A19103F-16F7-4668-BE54-9A1E7A4F7556}") = "Events.Infra", "Core\Events\Events.Infra\Events.Infra.csproj", "{B00912BD-5AE4-4429-8ECD-C64B93E3B5D6}"
EndProject
Project("{9A19103F-16F7-4668-BE54-9A1E7A4F7556}") = "Events.Web", "Core\Events\Events.Web\Events.Web.csproj", "{43FE51EC-7F3B-4BCF-B351-A4A931FC85DD}"
EndProject
Project("{2150E333-8FDC-42A3-9474-1A3956D46DE8}") = "Storage", "Storage", "{05C34518-C820-43BC-9BBB-168CB42D8F03}"
EndProject
Project("{9A19103F-16F7-4668-BE54-9A1E7A4F7556}") = "Storage.Infra", "Core\Storage\Storage.Infra\Storage.Infra.csproj", "{BB374E15-A1E9-4EDB-A09B-70813F475FC9}"
EndProject
Project("{9A19103F-16F7-4668-BE54-9A1E7A4F7556}") = "Storage.Web", "Core\Storage\Storage.Web\Storage.Web.csproj", "{8820F056-B423-4C25-9EE8-2EAE5DB95038}"
EndProject
Project("{2150E333-8FDC-42A3-9474-1A3956D46DE8}") = "Distributors", "Distributors", "{66118C4B-C4E5-48E0-8787-54E1D7181ED5}"
EndProject
Project("{9A19103F-16F7-4668-BE54-9A1E7A4F7556}") = "Distributors.Domain", "Shared\Distributors\Distributors.Domain\Distributors.Domain.csproj", "{FE58AA9D-0951-4764-9226-2F84AF086AB7}"
EndProject
Project("{9A19103F-16F7-4668-BE54-9A1E7A4F7556}") = "Distributors.Infra", "Shared\Distributors\Distributors.Infra\Distributors.Infra.csproj", "{600B9E59-DC6F-4B2E-8501-C7DC1785A2F6}"
EndProject
Project("{9A19103F-16F7-4668-BE54-9A1E7A4F7556}") = "Distributors.Web", "Shared\Distributors\Distributors.Web\Distributors.Web.csproj", "{5980A55F-7D14-4680-9DCC-5FBD0582B017}"
EndProject
Project("{FAE04EC0-301F-11D3-BF4B-00C04F79EFBC}") = "CloudControl.Web.Tests", "CloudControl.Web.Tests\CloudControl.Web.Tests.csproj", "{39BE3AAF-C5AC-4653-A3D2-61DF15CC7D2F}"
EndProject
Global
	GlobalSection(SolutionConfigurationPlatforms) = preSolution
		Debug|Any CPU = Debug|Any CPU
		Release|Any CPU = Release|Any CPU
	EndGlobalSection
	GlobalSection(ProjectConfigurationPlatforms) = postSolution
		{3CD3249B-116F-443E-A5FF-D7D8ABA0ED56}.Debug|Any CPU.ActiveCfg = Debug|Any CPU
		{3CD3249B-116F-443E-A5FF-D7D8ABA0ED56}.Debug|Any CPU.Build.0 = Debug|Any CPU
		{3CD3249B-116F-443E-A5FF-D7D8ABA0ED56}.Release|Any CPU.ActiveCfg = Release|Any CPU
		{3CD3249B-116F-443E-A5FF-D7D8ABA0ED56}.Release|Any CPU.Build.0 = Release|Any CPU
		{FC47436F-5405-4863-9B76-BB1C4DB7341B}.Debug|Any CPU.ActiveCfg = Debug|Any CPU
		{FC47436F-5405-4863-9B76-BB1C4DB7341B}.Debug|Any CPU.Build.0 = Debug|Any CPU
		{FC47436F-5405-4863-9B76-BB1C4DB7341B}.Release|Any CPU.ActiveCfg = Release|Any CPU
		{FC47436F-5405-4863-9B76-BB1C4DB7341B}.Release|Any CPU.Build.0 = Release|Any CPU
		{D70D97F5-E54C-4FE8-A815-A1ACBB82E30D}.Debug|Any CPU.ActiveCfg = Debug|Any CPU
		{D70D97F5-E54C-4FE8-A815-A1ACBB82E30D}.Debug|Any CPU.Build.0 = Debug|Any CPU
		{D70D97F5-E54C-4FE8-A815-A1ACBB82E30D}.Release|Any CPU.ActiveCfg = Release|Any CPU
		{D70D97F5-E54C-4FE8-A815-A1ACBB82E30D}.Release|Any CPU.Build.0 = Release|Any CPU
		{7FC25DAF-276C-4B8A-8060-B7BD03F48D26}.Debug|Any CPU.ActiveCfg = Debug|Any CPU
		{7FC25DAF-276C-4B8A-8060-B7BD03F48D26}.Debug|Any CPU.Build.0 = Debug|Any CPU
		{7FC25DAF-276C-4B8A-8060-B7BD03F48D26}.Release|Any CPU.ActiveCfg = Release|Any CPU
		{7FC25DAF-276C-4B8A-8060-B7BD03F48D26}.Release|Any CPU.Build.0 = Release|Any CPU
		{6C79B2D0-D418-448C-A9B4-834B1C3E0D96}.Debug|Any CPU.ActiveCfg = Debug|Any CPU
		{6C79B2D0-D418-448C-A9B4-834B1C3E0D96}.Debug|Any CPU.Build.0 = Debug|Any CPU
		{6C79B2D0-D418-448C-A9B4-834B1C3E0D96}.Release|Any CPU.ActiveCfg = Release|Any CPU
		{6C79B2D0-D418-448C-A9B4-834B1C3E0D96}.Release|Any CPU.Build.0 = Release|Any CPU
		{AC60C079-0A42-428F-BF7E-B463A12413FF}.Debug|Any CPU.ActiveCfg = Debug|Any CPU
		{AC60C079-0A42-428F-BF7E-B463A12413FF}.Debug|Any CPU.Build.0 = Debug|Any CPU
		{AC60C079-0A42-428F-BF7E-B463A12413FF}.Release|Any CPU.ActiveCfg = Release|Any CPU
		{AC60C079-0A42-428F-BF7E-B463A12413FF}.Release|Any CPU.Build.0 = Release|Any CPU
		{BA254546-0EC7-4A3A-84FD-D20658C00FEC}.Debug|Any CPU.ActiveCfg = Debug|Any CPU
		{BA254546-0EC7-4A3A-84FD-D20658C00FEC}.Debug|Any CPU.Build.0 = Debug|Any CPU
		{BA254546-0EC7-4A3A-84FD-D20658C00FEC}.Release|Any CPU.ActiveCfg = Release|Any CPU
		{BA254546-0EC7-4A3A-84FD-D20658C00FEC}.Release|Any CPU.Build.0 = Release|Any CPU
		{AE948DE9-D23E-4D9B-A07D-37061B9B3F27}.Debug|Any CPU.ActiveCfg = Debug|Any CPU
		{AE948DE9-D23E-4D9B-A07D-37061B9B3F27}.Debug|Any CPU.Build.0 = Debug|Any CPU
		{AE948DE9-D23E-4D9B-A07D-37061B9B3F27}.Release|Any CPU.ActiveCfg = Release|Any CPU
		{AE948DE9-D23E-4D9B-A07D-37061B9B3F27}.Release|Any CPU.Build.0 = Release|Any CPU
		{D990195A-2D03-4418-B810-DD2EED9EBF79}.Debug|Any CPU.ActiveCfg = Debug|Any CPU
		{D990195A-2D03-4418-B810-DD2EED9EBF79}.Debug|Any CPU.Build.0 = Debug|Any CPU
		{D990195A-2D03-4418-B810-DD2EED9EBF79}.Release|Any CPU.ActiveCfg = Release|Any CPU
		{D990195A-2D03-4418-B810-DD2EED9EBF79}.Release|Any CPU.Build.0 = Release|Any CPU
		{FB7AAC68-9DF7-480B-B04C-42B493B6FA4C}.Debug|Any CPU.ActiveCfg = Debug|Any CPU
		{FB7AAC68-9DF7-480B-B04C-42B493B6FA4C}.Debug|Any CPU.Build.0 = Debug|Any CPU
		{FB7AAC68-9DF7-480B-B04C-42B493B6FA4C}.Release|Any CPU.ActiveCfg = Release|Any CPU
		{FB7AAC68-9DF7-480B-B04C-42B493B6FA4C}.Release|Any CPU.Build.0 = Release|Any CPU
		{72F322BD-F129-4B01-8E70-DC54F3D1ECBF}.Debug|Any CPU.ActiveCfg = Debug|Any CPU
		{72F322BD-F129-4B01-8E70-DC54F3D1ECBF}.Debug|Any CPU.Build.0 = Debug|Any CPU
		{72F322BD-F129-4B01-8E70-DC54F3D1ECBF}.Release|Any CPU.ActiveCfg = Release|Any CPU
		{72F322BD-F129-4B01-8E70-DC54F3D1ECBF}.Release|Any CPU.Build.0 = Release|Any CPU
		{B00912BD-5AE4-4429-8ECD-C64B93E3B5D6}.Debug|Any CPU.ActiveCfg = Debug|Any CPU
		{B00912BD-5AE4-4429-8ECD-C64B93E3B5D6}.Debug|Any CPU.Build.0 = Debug|Any CPU
		{B00912BD-5AE4-4429-8ECD-C64B93E3B5D6}.Release|Any CPU.ActiveCfg = Release|Any CPU
		{B00912BD-5AE4-4429-8ECD-C64B93E3B5D6}.Release|Any CPU.Build.0 = Release|Any CPU
		{43FE51EC-7F3B-4BCF-B351-A4A931FC85DD}.Debug|Any CPU.ActiveCfg = Debug|Any CPU
		{43FE51EC-7F3B-4BCF-B351-A4A931FC85DD}.Debug|Any CPU.Build.0 = Debug|Any CPU
		{43FE51EC-7F3B-4BCF-B351-A4A931FC85DD}.Release|Any CPU.ActiveCfg = Release|Any CPU
		{43FE51EC-7F3B-4BCF-B351-A4A931FC85DD}.Release|Any CPU.Build.0 = Release|Any CPU
		{BB374E15-A1E9-4EDB-A09B-70813F475FC9}.Debug|Any CPU.ActiveCfg = Debug|Any CPU
		{BB374E15-A1E9-4EDB-A09B-70813F475FC9}.Debug|Any CPU.Build.0 = Debug|Any CPU
		{BB374E15-A1E9-4EDB-A09B-70813F475FC9}.Release|Any CPU.ActiveCfg = Release|Any CPU
		{BB374E15-A1E9-4EDB-A09B-70813F475FC9}.Release|Any CPU.Build.0 = Release|Any CPU
		{8820F056-B423-4C25-9EE8-2EAE5DB95038}.Debug|Any CPU.ActiveCfg = Debug|Any CPU
		{8820F056-B423-4C25-9EE8-2EAE5DB95038}.Debug|Any CPU.Build.0 = Debug|Any CPU
		{8820F056-B423-4C25-9EE8-2EAE5DB95038}.Release|Any CPU.ActiveCfg = Release|Any CPU
		{8820F056-B423-4C25-9EE8-2EAE5DB95038}.Release|Any CPU.Build.0 = Release|Any CPU
		{FE58AA9D-0951-4764-9226-2F84AF086AB7}.Debug|Any CPU.ActiveCfg = Debug|Any CPU
		{FE58AA9D-0951-4764-9226-2F84AF086AB7}.Debug|Any CPU.Build.0 = Debug|Any CPU
		{FE58AA9D-0951-4764-9226-2F84AF086AB7}.Release|Any CPU.ActiveCfg = Release|Any CPU
		{FE58AA9D-0951-4764-9226-2F84AF086AB7}.Release|Any CPU.Build.0 = Release|Any CPU
		{600B9E59-DC6F-4B2E-8501-C7DC1785A2F6}.Debug|Any CPU.ActiveCfg = Debug|Any CPU
		{600B9E59-DC6F-4B2E-8501-C7DC1785A2F6}.Debug|Any CPU.Build.0 = Debug|Any CPU
		{600B9E59-DC6F-4B2E-8501-C7DC1785A2F6}.Release|Any CPU.ActiveCfg = Release|Any CPU
		{600B9E59-DC6F-4B2E-8501-C7DC1785A2F6}.Release|Any CPU.Build.0 = Release|Any CPU
		{5980A55F-7D14-4680-9DCC-5FBD0582B017}.Debug|Any CPU.ActiveCfg = Debug|Any CPU
		{5980A55F-7D14-4680-9DCC-5FBD0582B017}.Debug|Any CPU.Build.0 = Debug|Any CPU
		{5980A55F-7D14-4680-9DCC-5FBD0582B017}.Release|Any CPU.ActiveCfg = Release|Any CPU
		{5980A55F-7D14-4680-9DCC-5FBD0582B017}.Release|Any CPU.Build.0 = Release|Any CPU
		{39BE3AAF-C5AC-4653-A3D2-61DF15CC7D2F}.Debug|Any CPU.ActiveCfg = Debug|Any CPU
		{39BE3AAF-C5AC-4653-A3D2-61DF15CC7D2F}.Debug|Any CPU.Build.0 = Debug|Any CPU
		{39BE3AAF-C5AC-4653-A3D2-61DF15CC7D2F}.Release|Any CPU.ActiveCfg = Release|Any CPU
		{39BE3AAF-C5AC-4653-A3D2-61DF15CC7D2F}.Release|Any CPU.Build.0 = Release|Any CPU
	EndGlobalSection
	GlobalSection(SolutionProperties) = preSolution
		HideSolutionNode = FALSE
	EndGlobalSection
	GlobalSection(NestedProjects) = preSolution
		{FC47436F-5405-4863-9B76-BB1C4DB7341B} = {617940DE-5945-42BD-BD65-9CF79142234E}
		{617940DE-5945-42BD-BD65-9CF79142234E} = {D2E2B97F-F64D-42B1-B5E0-42EE97C53944}
		{D70D97F5-E54C-4FE8-A815-A1ACBB82E30D} = {617940DE-5945-42BD-BD65-9CF79142234E}
		{7FC25DAF-276C-4B8A-8060-B7BD03F48D26} = {617940DE-5945-42BD-BD65-9CF79142234E}
		{FB5D1253-3895-41D2-A460-61E2DEEAA44C} = {D2E2B97F-F64D-42B1-B5E0-42EE97C53944}
		{6C79B2D0-D418-448C-A9B4-834B1C3E0D96} = {FB5D1253-3895-41D2-A460-61E2DEEAA44C}
		{AC60C079-0A42-428F-BF7E-B463A12413FF} = {FB5D1253-3895-41D2-A460-61E2DEEAA44C}
		{1CE323C2-E98D-4054-851B-4E6F833441AE} = {94CEAD15-4C0C-407D-84F4-BF21FBFD737C}
		{BA254546-0EC7-4A3A-84FD-D20658C00FEC} = {1CE323C2-E98D-4054-851B-4E6F833441AE}
		{71AE2200-9AB3-4975-AFBD-D5869358CDFB} = {D2E2B97F-F64D-42B1-B5E0-42EE97C53944}
		{AE948DE9-D23E-4D9B-A07D-37061B9B3F27} = {71AE2200-9AB3-4975-AFBD-D5869358CDFB}
		{D990195A-2D03-4418-B810-DD2EED9EBF79} = {71AE2200-9AB3-4975-AFBD-D5869358CDFB}
		{FB7AAC68-9DF7-480B-B04C-42B493B6FA4C} = {71AE2200-9AB3-4975-AFBD-D5869358CDFB}
		{39841DFA-7A67-4F43-BB42-B5B6E7657294} = {D2E2B97F-F64D-42B1-B5E0-42EE97C53944}
		{72F322BD-F129-4B01-8E70-DC54F3D1ECBF} = {39841DFA-7A67-4F43-BB42-B5B6E7657294}
		{D77F0EE6-5E68-47E1-BCA0-97EC47E5A264} = {D2E2B97F-F64D-42B1-B5E0-42EE97C53944}
		{B00912BD-5AE4-4429-8ECD-C64B93E3B5D6} = {D77F0EE6-5E68-47E1-BCA0-97EC47E5A264}
		{43FE51EC-7F3B-4BCF-B351-A4A931FC85DD} = {D77F0EE6-5E68-47E1-BCA0-97EC47E5A264}
		{05C34518-C820-43BC-9BBB-168CB42D8F03} = {D2E2B97F-F64D-42B1-B5E0-42EE97C53944}
		{BB374E15-A1E9-4EDB-A09B-70813F475FC9} = {05C34518-C820-43BC-9BBB-168CB42D8F03}
		{8820F056-B423-4C25-9EE8-2EAE5DB95038} = {05C34518-C820-43BC-9BBB-168CB42D8F03}
		{66118C4B-C4E5-48E0-8787-54E1D7181ED5} = {94CEAD15-4C0C-407D-84F4-BF21FBFD737C}
		{FE58AA9D-0951-4764-9226-2F84AF086AB7} = {66118C4B-C4E5-48E0-8787-54E1D7181ED5}
		{600B9E59-DC6F-4B2E-8501-C7DC1785A2F6} = {66118C4B-C4E5-48E0-8787-54E1D7181ED5}
		{5980A55F-7D14-4680-9DCC-5FBD0582B017} = {66118C4B-C4E5-48E0-8787-54E1D7181ED5}
	EndGlobalSection
	GlobalSection(ExtensibilityGlobals) = postSolution
		SolutionGuid = {EBA79BF7-490F-4B8F-8162-771B77F6C73B}
	EndGlobalSection
EndGlobal
