
Microsoft Visual Studio Solution File, Format Version 12.00
Project("{FAE04EC0-301F-11D3-BF4B-00C04F79EFBC}") = "CloudControl.Web", "src\CloudControl.Web\CloudControl.Web.csproj", "{3CD3249B-116F-443E-A5FF-D7D8ABA0ED56}"
EndProject
Project("{2150E333-8FDC-42A3-9474-1A3956D46DE8}") = "Infra", "Infra", "{94CEAD15-4C0C-407D-84F4-BF21FBFD737C}"
EndProject
Project("{FAE04EC0-301F-11D3-BF4B-00C04F79EFBC}") = "CloudControl.Shared.Infra", "src\CloudControl.Shared.Infra\CloudControl.Shared.Infra.csproj", "{BC4470CA-88C1-49F1-8B85-98D9C40F00D6}"
EndProject
Global
	GlobalSection(SolutionConfigurationPlatforms) = preSolution
		Debug|Any CPU = Debug|Any CPU
		Release|Any CPU = Release|Any CPU
	EndGlobalSection
	GlobalSection(ProjectConfigurationPlatforms) = postSolution
		{3CD3249B-116F-443E-A5FF-D7D8ABA0ED56}.Debug|Any CPU.ActiveCfg = Debug|Any CPU
		{3CD3249B-116F-443E-A5FF-D7D8ABA0ED56}.Debug|Any CPU.Build.0 = Debug|Any CPU
		{3CD3249B-116F-443E-A5FF-D7D8ABA0ED56}.Release|Any CPU.ActiveCfg = Release|Any CPU
		{3CD3249B-116F-443E-A5FF-D7D8ABA0ED56}.Release|Any CPU.Build.0 = Release|Any CPU
		{BC4470CA-88C1-49F1-8B85-98D9C40F00D6}.Debug|Any CPU.ActiveCfg = Debug|Any CPU
		{BC4470CA-88C1-49F1-8B85-98D9C40F00D6}.Debug|Any CPU.Build.0 = Debug|Any CPU
		{BC4470CA-88C1-49F1-8B85-98D9C40F00D6}.Release|Any CPU.ActiveCfg = Release|Any CPU
		{BC4470CA-88C1-49F1-8B85-98D9C40F00D6}.Release|Any CPU.Build.0 = Release|Any CPU
	EndGlobalSection
	GlobalSection(NestedProjects) = preSolution
		{BC4470CA-88C1-49F1-8B85-98D9C40F00D6} = {94CEAD15-4C0C-407D-84F4-BF21FBFD737C}
	EndGlobalSection
EndGlobal
